
Microsoft Visual Studio Solution File, Format Version 12.00
# Visual Studio 14
VisualStudioVersion = 14.0.25420.1
MinimumVisualStudioVersion = 10.0.40219.1
Project("{FAE04EC0-301F-11D3-BF4B-00C04F79EFBC}") = "Example1", "Example1\Example1.csproj", "{36C4612E-F8A8-4CB2-8EF8-D214FAB28EE6}"
EndProject
Project("{FAE04EC0-301F-11D3-BF4B-00C04F79EFBC}") = "AuthorizeExample", "AuthorizeExample\AuthorizeExample.csproj", "{37662DE2-A9C2-46B4-9ABA-812F588AEF4B}"
EndProject
Global
	GlobalSection(SolutionConfigurationPlatforms) = preSolution
		Debug|Any CPU = Debug|Any CPU
		Release|Any CPU = Release|Any CPU
	EndGlobalSection
	GlobalSection(ProjectConfigurationPlatforms) = postSolution
		{36C4612E-F8A8-4CB2-8EF8-D214FAB28EE6}.Debug|Any CPU.ActiveCfg = Debug|Any CPU
		{36C4612E-F8A8-4CB2-8EF8-D214FAB28EE6}.Debug|Any CPU.Build.0 = Debug|Any CPU
		{36C4612E-F8A8-4CB2-8EF8-D214FAB28EE6}.Release|Any CPU.ActiveCfg = Release|Any CPU
		{36C4612E-F8A8-4CB2-8EF8-D214FAB28EE6}.Release|Any CPU.Build.0 = Release|Any CPU
		{37662DE2-A9C2-46B4-9ABA-812F588AEF4B}.Debug|Any CPU.ActiveCfg = Debug|Any CPU
		{37662DE2-A9C2-46B4-9ABA-812F588AEF4B}.Debug|Any CPU.Build.0 = Debug|Any CPU
		{37662DE2-A9C2-46B4-9ABA-812F588AEF4B}.Release|Any CPU.ActiveCfg = Release|Any CPU
		{37662DE2-A9C2-46B4-9ABA-812F588AEF4B}.Release|Any CPU.Build.0 = Release|Any CPU
	EndGlobalSection
	GlobalSection(SolutionProperties) = preSolution
		HideSolutionNode = FALSE
	EndGlobalSection
EndGlobal
